{
  "nodes": {
    "flake-parts": {
      "inputs": {
        "nixpkgs-lib": [
          "neovim-0-12",
          "nixpkgs"
        ]
      },
      "locked": {
        "lastModified": 1778716662,
        "narHash": "sha256-m1Yf0wZ8j1OHjTc2UwHwyQRSnNeSgLJOd7q5Y45hzi4=",
        "owner": "hercules-ci",
        "repo": "flake-parts",
        "rev": "f7c1a2d347e4c52d5fb8d10cb4d94b5884e546fb",
        "type": "github"
      },
      "original": {
        "owner": "hercules-ci",
        "repo": "flake-parts",
        "type": "github"
      }
    },
    "flake-parts_2": {
      "inputs": {
        "nixpkgs-lib": [
          "neovim-nightly",
          "nixpkgs"
        ]
      },
      "locked": {
        "lastModified": 1778716662,
        "narHash": "sha256-m1Yf0wZ8j1OHjTc2UwHwyQRSnNeSgLJOd7q5Y45hzi4=",
        "owner": "hercules-ci",
        "repo": "flake-parts",
        "rev": "f7c1a2d347e4c52d5fb8d10cb4d94b5884e546fb",
        "type": "github"
      },
      "original": {
        "owner": "hercules-ci",
        "repo": "flake-parts",
        "type": "github"
      }
    },
    "neovim-0-12": {
      "inputs": {
        "flake-parts": "flake-parts",
        "neovim-src": [
          "neovim-src-0-12"
        ],
        "nixpkgs": "nixpkgs"
      },
      "locked": {
        "lastModified": 1778976292,
        "narHash": "sha256-RSkyb8lnFRrhnqS08TuHgNyTfMQPLrjGftkqz/qHkts=",
        "owner": "nix-community",
        "repo": "neovim-nightly-overlay",
        "rev": "2425effa966a71158a2408400946d0d19311bdae",
        "type": "github"
      },
      "original": {
        "owner": "nix-community",
        "ref": "master",
        "repo": "neovim-nightly-overlay",
        "type": "github"
      }
    },
    "neovim-nightly": {
      "inputs": {
        "flake-parts": "flake-parts_2",
        "neovim-src": [
          "neovim-src-nightly"
        ],
        "nixpkgs": "nixpkgs_2"
      },
      "locked": {
        "lastModified": 1778976292,
        "narHash": "sha256-RSkyb8lnFRrhnqS08TuHgNyTfMQPLrjGftkqz/qHkts=",
        "owner": "nix-community",
        "repo": "neovim-nightly-overlay",
        "rev": "2425effa966a71158a2408400946d0d19311bdae",
        "type": "github"
      },
      "original": {
        "owner": "nix-community",
        "ref": "master",
        "repo": "neovim-nightly-overlay",
        "type": "github"
      }
    },
    "neovim-src-0-12": {
      "flake": false,
      "locked": {
        "lastModified": 1776866755,
        "narHash": "sha256-V+jZiNv0SvG/GOOUPzmBkOQGrnrN3UW2BY2n9NxP2Eg=",
        "owner": "neovim",
        "repo": "neovim",
        "rev": "4b35336f6f850ce68a230716401cdaa21bdb6a25",
        "type": "github"
      },
      "original": {
        "owner": "neovim",
        "ref": "v0.12.2",
        "repo": "neovim",
        "type": "github"
      }
    },
    "neovim-src-nightly": {
      "flake": false,
      "locked": {
        "lastModified": 1779037366,
        "narHash": "sha256-S3ryU1Xe/SbysKrFdhkpuB4HYpnhSh0b0A4Qjf8+6vw=",
        "owner": "neovim",
        "repo": "neovim",
        "rev": "84d5c5f4bf0650235c72c3567453b70a91caa12f",
        "type": "github"
      },
      "original": {
        "owner": "neovim",
        "repo": "neovim",
        "type": "github"
      }
    },
    "nixpkgs": {
      "locked": {
        "lastModified": 1778869304,
        "narHash": "sha256-30sZNZoA1cqF5JNO9fVX+wgiQYjB7HJqqJ4ztCDeBZE=",
        "owner": "NixOS",
        "repo": "nixpkgs",
        "rev": "d233902339c02a9c334e7e593de68855ad26c4cb",
        "type": "github"
      },
      "original": {
        "owner": "NixOS",
        "ref": "nixpkgs-unstable",
        "repo": "nixpkgs",
        "type": "github"
      }
    },
    "nixpkgs_2": {
      "locked": {
        "lastModified": 1778869304,
        "narHash": "sha256-30sZNZoA1cqF5JNO9fVX+wgiQYjB7HJqqJ4ztCDeBZE=",
        "owner": "NixOS",
        "repo": "nixpkgs",
        "rev": "d233902339c02a9c334e7e593de68855ad26c4cb",
        "type": "github"
      },
      "original": {
        "owner": "NixOS",
        "ref": "nixpkgs-unstable",
        "repo": "nixpkgs",
        "type": "github"
      }
    },
    "nixpkgs_3": {
      "locked": {
        "lastModified": 1778869304,
        "narHash": "sha256-30sZNZoA1cqF5JNO9fVX+wgiQYjB7HJqqJ4ztCDeBZE=",
        "owner": "NixOS",
        "repo": "nixpkgs",
        "rev": "d233902339c02a9c334e7e593de68855ad26c4cb",
        "type": "github"
      },
      "original": {
        "owner": "NixOS",
        "ref": "nixos-unstable",
        "repo": "nixpkgs",
        "type": "github"
      }
    },
    "root": {
      "inputs": {
        "neovim-0-12": "neovim-0-12",
        "neovim-nightly": "neovim-nightly",
        "neovim-src-0-12": "neovim-src-0-12",
        "neovim-src-nightly": "neovim-src-nightly",
        "nixpkgs": "nixpkgs_3"
      }
    }
  },
  "root": "root",
  "version": 7
}
